
Microsoft Visual Studio Solution File, Format Version 12.00
# Visual Studio Version 17
VisualStudioVersion = 17.13.35919.96
MinimumVisualStudioVersion = 10.0.40219.1
Project("{FAE04EC0-301F-11D3-BF4B-00C04F79EFBC}") = "VelocityBoard.Core", "VelocityBoard.Core\VelocityBoard.Core.csproj", "{3BF0AED6-976B-4740-AC1B-D83F6BC384B9}"
EndProject
Project("{FAE04EC0-301F-11D3-BF4B-00C04F79EFBC}") = "VelocityBoard.Infrastructure", "VelocityBoard.Infrastructure\VelocityBoard.Infrastructure.csproj", "{2174C61B-1DF9-4D47-A6AC-9451CF3AF4E7}"
EndProject
Project("{FAE04EC0-301F-11D3-BF4B-00C04F79EFBC}") = "VelocityBoard.Application", "VelocityBoard.Application\VelocityBoard.Application.csproj", "{FF570AA4-F2F8-4F1F-A3BE-92A2F35424C0}"
EndProject
Project("{FAE04EC0-301F-11D3-BF4B-00C04F79EFBC}") = "VelocityBoard.API", "VelocityBoard.API\VelocityBoard.API.csproj", "{DCC29A9D-E908-4036-A97A-8A14706FCF5E}"
EndProject
Project("{FAE04EC0-301F-11D3-BF4B-00C04F79EFBC}") = "VelocityBoard.Web", "VelocityBoard.Web\VelocityBoard.Web.csproj", "{61BE635B-EB46-4039-8A49-F25967E0995C}"
EndProject
Global
	GlobalSection(SolutionConfigurationPlatforms) = preSolution
		Debug|Any CPU = Debug|Any CPU
		Release|Any CPU = Release|Any CPU
	EndGlobalSection
	GlobalSection(ProjectConfigurationPlatforms) = postSolution
		{3BF0AED6-976B-4740-AC1B-D83F6BC384B9}.Debug|Any CPU.ActiveCfg = Debug|Any CPU
		{3BF0AED6-976B-4740-AC1B-D83F6BC384B9}.Debug|Any CPU.Build.0 = Debug|Any CPU
		{3BF0AED6-976B-4740-AC1B-D83F6BC384B9}.Release|Any CPU.ActiveCfg = Release|Any CPU
		{3BF0AED6-976B-4740-AC1B-D83F6BC384B9}.Release|Any CPU.Build.0 = Release|Any CPU
		{2174C61B-1DF9-4D47-A6AC-9451CF3AF4E7}.Debug|Any CPU.ActiveCfg = Debug|Any CPU
		{2174C61B-1DF9-4D47-A6AC-9451CF3AF4E7}.Debug|Any CPU.Build.0 = Debug|Any CPU
		{2174C61B-1DF9-4D47-A6AC-9451CF3AF4E7}.Release|Any CPU.ActiveCfg = Release|Any CPU
		{2174C61B-1DF9-4D47-A6AC-9451CF3AF4E7}.Release|Any CPU.Build.0 = Release|Any CPU
		{FF570AA4-F2F8-4F1F-A3BE-92A2F35424C0}.Debug|Any CPU.ActiveCfg = Debug|Any CPU
		{FF570AA4-F2F8-4F1F-A3BE-92A2F35424C0}.Debug|Any CPU.Build.0 = Debug|Any CPU
		{FF570AA4-F2F8-4F1F-A3BE-92A2F35424C0}.Release|Any CPU.ActiveCfg = Release|Any CPU
		{FF570AA4-F2F8-4F1F-A3BE-92A2F35424C0}.Release|Any CPU.Build.0 = Release|Any CPU
		{DCC29A9D-E908-4036-A97A-8A14706FCF5E}.Debug|Any CPU.ActiveCfg = Debug|Any CPU
		{DCC29A9D-E908-4036-A97A-8A14706FCF5E}.Debug|Any CPU.Build.0 = Debug|Any CPU
		{DCC29A9D-E908-4036-A97A-8A14706FCF5E}.Release|Any CPU.ActiveCfg = Release|Any CPU
		{DCC29A9D-E908-4036-A97A-8A14706FCF5E}.Release|Any CPU.Build.0 = Release|Any CPU
		{61BE635B-EB46-4039-8A49-F25967E0995C}.Debug|Any CPU.ActiveCfg = Debug|Any CPU
		{61BE635B-EB46-4039-8A49-F25967E0995C}.Debug|Any CPU.Build.0 = Debug|Any CPU
		{61BE635B-EB46-4039-8A49-F25967E0995C}.Release|Any CPU.ActiveCfg = Release|Any CPU
		{61BE635B-EB46-4039-8A49-F25967E0995C}.Release|Any CPU.Build.0 = Release|Any CPU
	EndGlobalSection
	GlobalSection(SolutionProperties) = preSolution
		HideSolutionNode = FALSE
	EndGlobalSection
	GlobalSection(ExtensibilityGlobals) = postSolution
		SolutionGuid = {1F50AD77-0D26-4A48-AE7C-F2F0C613C4EF}
	EndGlobalSection
EndGlobal
